
Microsoft Visual Studio Solution File, Format Version 12.00
# Visual Studio 14
VisualStudioVersion = 14.0.25420.1
MinimumVisualStudioVersion = 10.0.40219.1
Project("{FAE04EC0-301F-11D3-BF4B-00C04F79EFBC}") = "DanIk", "DanIk\DanIk.csproj", "{E70E0CEA-AAA5-499E-A0EF-E7043FD3D9FD}"
EndProject
Project("{FAE04EC0-301F-11D3-BF4B-00C04F79EFBC}") = "DanIk.Test", "DanIk.Test\DanIk.Test.csproj", "{8413C5CC-6B33-4C62-A7F7-2A6B4BB7A42E}"
EndProject
Global
	GlobalSection(SolutionConfigurationPlatforms) = preSolution
		Debug|Any CPU = Debug|Any CPU
		Release|Any CPU = Release|Any CPU
	EndGlobalSection
	GlobalSection(ProjectConfigurationPlatforms) = postSolution
		{E70E0CEA-AAA5-499E-A0EF-E7043FD3D9FD}.Debug|Any CPU.ActiveCfg = Debug|Any CPU
		{E70E0CEA-AAA5-499E-A0EF-E7043FD3D9FD}.Debug|Any CPU.Build.0 = Debug|Any CPU
		{E70E0CEA-AAA5-499E-A0EF-E7043FD3D9FD}.Release|Any CPU.ActiveCfg = Release|Any CPU
		{E70E0CEA-AAA5-499E-A0EF-E7043FD3D9FD}.Release|Any CPU.Build.0 = Release|Any CPU
		{8413C5CC-6B33-4C62-A7F7-2A6B4BB7A42E}.Debug|Any CPU.ActiveCfg = Debug|Any CPU
		{8413C5CC-6B33-4C62-A7F7-2A6B4BB7A42E}.Debug|Any CPU.Build.0 = Debug|Any CPU
		{8413C5CC-6B33-4C62-A7F7-2A6B4BB7A42E}.Release|Any CPU.ActiveCfg = Release|Any CPU
		{8413C5CC-6B33-4C62-A7F7-2A6B4BB7A42E}.Release|Any CPU.Build.0 = Release|Any CPU
	EndGlobalSection
	GlobalSection(SolutionProperties) = preSolution
		HideSolutionNode = FALSE
	EndGlobalSection
EndGlobal
